// !$*UTF8*$!
{
	archiveVersion = 1;
	classes = {
	};
	objectVersion = 56;
	objects = {

/* Begin PBXBuildFile section */
		6121AA9E29AA3281008F7707 /* FilteringSettingsView.swift in Sources */ = {isa = PBXBuildFile; fileRef = 6121AA9D29AA3281008F7707 /* FilteringSettingsView.swift */; };
		6121AAA029AA3F20008F7707 /* FilteringSettingsController.swift in Sources */ = {isa = PBXBuildFile; fileRef = 6121AA9F29AA3F20008F7707 /* FilteringSettingsController.swift */; };
		6121AAA229AB64C1008F7707 /* SortingSettingsView.swift in Sources */ = {isa = PBXBuildFile; fileRef = 6121AAA129AB64C1008F7707 /* SortingSettingsView.swift */; };
		6121AAA429AB6A0F008F7707 /* SortingSettingsController.swift in Sources */ = {isa = PBXBuildFile; fileRef = 6121AAA329AB6A0F008F7707 /* SortingSettingsController.swift */; };
		6172D49A29A774B40050FB93 /* ContactsManager.swift in Sources */ = {isa = PBXBuildFile; fileRef = 6172D49929A774B40050FB93 /* ContactsManager.swift */; };
		6172D49C29A7750E0050FB93 /* Contact.swift in Sources */ = {isa = PBXBuildFile; fileRef = 6172D49B29A7750E0050FB93 /* Contact.swift */; };
		6172D49E29A79C850050FB93 /* SplashPresenter.swift in Sources */ = {isa = PBXBuildFile; fileRef = 6172D49D29A79C850050FB93 /* SplashPresenter.swift */; };
		6172D4A029A7ABDE0050FB93 /* NavigationController.swift in Sources */ = {isa = PBXBuildFile; fileRef = 6172D49F29A7ABDE0050FB93 /* NavigationController.swift */; };
		6172D4A229A7ACFF0050FB93 /* ContactsListView.swift in Sources */ = {isa = PBXBuildFile; fileRef = 6172D4A129A7ACFF0050FB93 /* ContactsListView.swift */; };
		6172D4A429A7AE510050FB93 /* ContactCell.swift in Sources */ = {isa = PBXBuildFile; fileRef = 6172D4A329A7AE510050FB93 /* ContactCell.swift */; };
		6172D4A629A7AF9E0050FB93 /* UIFont+Extensions.swift in Sources */ = {isa = PBXBuildFile; fileRef = 6172D4A529A7AF9E0050FB93 /* UIFont+Extensions.swift */; };
		6172D4A829A7B6DC0050FB93 /* ContactsListController.swift in Sources */ = {isa = PBXBuildFile; fileRef = 6172D4A729A7B6DC0050FB93 /* ContactsListController.swift */; };
		6172D4AA29A7B7270050FB93 /* ContactsListPresenter.swift in Sources */ = {isa = PBXBuildFile; fileRef = 6172D4A929A7B7270050FB93 /* ContactsListPresenter.swift */; };
		6172D4AB29A8C1180050FB93 /* SF-Pro.ttf in Resources */ = {isa = PBXBuildFile; fileRef = 6180968C29A76BEE00BFD13E /* SF-Pro.ttf */; };
		6180966029A7662000BFD13E /* AppDelegate.swift in Sources */ = {isa = PBXBuildFile; fileRef = 6180965F29A7662000BFD13E /* AppDelegate.swift */; };
		6180966229A7662000BFD13E /* SceneDelegate.swift in Sources */ = {isa = PBXBuildFile; fileRef = 6180966129A7662000BFD13E /* SceneDelegate.swift */; };
		6180966C29A7662200BFD13E /* Assets.xcassets in Resources */ = {isa = PBXBuildFile; fileRef = 6180966B29A7662200BFD13E /* Assets.xcassets */; };
		6180968529A768D600BFD13E /* UIColor+Extensions.swift in Sources */ = {isa = PBXBuildFile; fileRef = 6180968329A768D600BFD13E /* UIColor+Extensions.swift */; };
		6180968629A768D600BFD13E /* UIView+Extensions.swift in Sources */ = {isa = PBXBuildFile; fileRef = 6180968429A768D600BFD13E /* UIView+Extensions.swift */; };
		6180968829A7691400BFD13E /* SplashView.swift in Sources */ = {isa = PBXBuildFile; fileRef = 6180968729A7691400BFD13E /* SplashView.swift */; };
		6180968A29A769CE00BFD13E /* UICreator.swift in Sources */ = {isa = PBXBuildFile; fileRef = 6180968929A769CE00BFD13E /* UICreator.swift */; };
		6180968E29A76DB300BFD13E /* Constants.swift in Sources */ = {isa = PBXBuildFile; fileRef = 6180968D29A76DB300BFD13E /* Constants.swift */; };
		6180969029A76F7200BFD13E /* SplashController.swift in Sources */ = {isa = PBXBuildFile; fileRef = 6180968F29A76F7200BFD13E /* SplashController.swift */; };
		6188017E29ACC5E8003644B8 /* UIButton+Extensions.swift in Sources */ = {isa = PBXBuildFile; fileRef = 6188017D29ACC5E7003644B8 /* UIButton+Extensions.swift */; };
/* End PBXBuildFile section */

/* Begin PBXFileReference section */
		6121AA9D29AA3281008F7707 /* FilteringSettingsView.swift */ = {isa = PBXFileReference; lastKnownFileType = sourcecode.swift; path = FilteringSettingsView.swift; sourceTree = "<group>"; };
		6121AA9F29AA3F20008F7707 /* FilteringSettingsController.swift */ = {isa = PBXFileReference; lastKnownFileType = sourcecode.swift; path = FilteringSettingsController.swift; sourceTree = "<group>"; };
		6121AAA129AB64C1008F7707 /* SortingSettingsView.swift */ = {isa = PBXFileReference; lastKnownFileType = sourcecode.swift; path = SortingSettingsView.swift; sourceTree = "<group>"; };
		6121AAA329AB6A0F008F7707 /* SortingSettingsController.swift */ = {isa = PBXFileReference; lastKnownFileType = sourcecode.swift; path = SortingSettingsController.swift; sourceTree = "<group>"; };
		6172D49929A774B40050FB93 /* ContactsManager.swift */ = {isa = PBXFileReference; lastKnownFileType = sourcecode.swift; path = ContactsManager.swift; sourceTree = "<group>"; };
		6172D49B29A7750E0050FB93 /* Contact.swift */ = {isa = PBXFileReference; lastKnownFileType = sourcecode.swift; path = Contact.swift; sourceTree = "<group>"; };
		6172D49D29A79C850050FB93 /* SplashPresenter.swift */ = {isa = PBXFileReference; lastKnownFileType = sourcecode.swift; path = SplashPresenter.swift; sourceTree = "<group>"; };
		6172D49F29A7ABDE0050FB93 /* NavigationController.swift */ = {isa = PBXFileReference; lastKnownFileType = sourcecode.swift; path = NavigationController.swift; sourceTree = "<group>"; };
		6172D4A129A7ACFF0050FB93 /* ContactsListView.swift */ = {isa = PBXFileReference; lastKnownFileType = sourcecode.swift; path = ContactsListView.swift; sourceTree = "<group>"; };
		6172D4A329A7AE510050FB93 /* ContactCell.swift */ = {isa = PBXFileReference; lastKnownFileType = sourcecode.swift; path = ContactCell.swift; sourceTree = "<group>"; };
		6172D4A529A7AF9E0050FB93 /* UIFont+Extensions.swift */ = {isa = PBXFileReference; lastKnownFileType = sourcecode.swift; path = "UIFont+Extensions.swift"; sourceTree = "<group>"; };
		6172D4A729A7B6DC0050FB93 /* ContactsListController.swift */ = {isa = PBXFileReference; lastKnownFileType = sourcecode.swift; path = ContactsListController.swift; sourceTree = "<group>"; };
		6172D4A929A7B7270050FB93 /* ContactsListPresenter.swift */ = {isa = PBXFileReference; lastKnownFileType = sourcecode.swift; path = ContactsListPresenter.swift; sourceTree = "<group>"; };
		6180965C29A7662000BFD13E /* Contacts-ios.app */ = {isa = PBXFileReference; explicitFileType = wrapper.application; includeInIndex = 0; path = "Contacts-ios.app"; sourceTree = BUILT_PRODUCTS_DIR; };
		6180965F29A7662000BFD13E /* AppDelegate.swift */ = {isa = PBXFileReference; lastKnownFileType = sourcecode.swift; path = AppDelegate.swift; sourceTree = "<group>"; };
		6180966129A7662000BFD13E /* SceneDelegate.swift */ = {isa = PBXFileReference; lastKnownFileType = sourcecode.swift; path = SceneDelegate.swift; sourceTree = "<group>"; };
		6180966B29A7662200BFD13E /* Assets.xcassets */ = {isa = PBXFileReference; lastKnownFileType = folder.assetcatalog; path = Assets.xcassets; sourceTree = "<group>"; };
		6180967029A7662200BFD13E /* Info.plist */ = {isa = PBXFileReference; lastKnownFileType = text.plist.xml; path = Info.plist; sourceTree = "<group>"; };
		6180968329A768D600BFD13E /* UIColor+Extensions.swift */ = {isa = PBXFileReference; fileEncoding = 4; lastKnownFileType = sourcecode.swift; path = "UIColor+Extensions.swift"; sourceTree = "<group>"; };
		6180968429A768D600BFD13E /* UIView+Extensions.swift */ = {isa = PBXFileReference; fileEncoding = 4; lastKnownFileType = sourcecode.swift; path = "UIView+Extensions.swift"; sourceTree = "<group>"; };
		6180968729A7691400BFD13E /* SplashView.swift */ = {isa = PBXFileReference; lastKnownFileType = sourcecode.swift; path = SplashView.swift; sourceTree = "<group>"; };
		6180968929A769CE00BFD13E /* UICreator.swift */ = {isa = PBXFileReference; lastKnownFileType = sourcecode.swift; path = UICreator.swift; sourceTree = "<group>"; };
		6180968B29A76BEE00BFD13E /* SF-Pro-Italic.ttf */ = {isa = PBXFileReference; lastKnownFileType = file; path = "SF-Pro-Italic.ttf"; sourceTree = "<group>"; };
		6180968C29A76BEE00BFD13E /* SF-Pro.ttf */ = {isa = PBXFileReference; lastKnownFileType = file; path = "SF-Pro.ttf"; sourceTree = "<group>"; };
		6180968D29A76DB300BFD13E /* Constants.swift */ = {isa = PBXFileReference; lastKnownFileType = sourcecode.swift; path = Constants.swift; sourceTree = "<group>"; };
		6180968F29A76F7200BFD13E /* SplashController.swift */ = {isa = PBXFileReference; lastKnownFileType = sourcecode.swift; path = SplashController.swift; sourceTree = "<group>"; };
		6188017D29ACC5E7003644B8 /* UIButton+Extensions.swift */ = {isa = PBXFileReference; lastKnownFileType = sourcecode.swift; path = "UIButton+Extensions.swift"; sourceTree = "<group>"; };
/* End PBXFileReference section */

/* Begin PBXFrameworksBuildPhase section */
		6180965929A7662000BFD13E /* Frameworks */ = {
			isa = PBXFrameworksBuildPhase;
			buildActionMask = 2147483647;
			files = (
			);
			runOnlyForDeploymentPostprocessing = 0;
		};
/* End PBXFrameworksBuildPhase section */

/* Begin PBXGroup section */
		6180965329A7662000BFD13E = {
			isa = PBXGroup;
			children = (
				6180965E29A7662000BFD13E /* Contacts-ios */,
				6180965D29A7662000BFD13E /* Products */,
			);
			sourceTree = "<group>";
		};
		6180965D29A7662000BFD13E /* Products */ = {
			isa = PBXGroup;
			children = (
				6180965C29A7662000BFD13E /* Contacts-ios.app */,
			);
			name = Products;
			sourceTree = "<group>";
		};
		6180965E29A7662000BFD13E /* Contacts-ios */ = {
			isa = PBXGroup;
			children = (
				6180967629A7663900BFD13E /* Model */,
				6180967729A7664400BFD13E /* View */,
				6180967829A7664900BFD13E /* Controller */,
				6180968229A7682B00BFD13E /* Presenter */,
				6180967929A7665400BFD13E /* Supporting Files */,
				6180965F29A7662000BFD13E /* AppDelegate.swift */,
				6180966129A7662000BFD13E /* SceneDelegate.swift */,
				6180966B29A7662200BFD13E /* Assets.xcassets */,
				6180967029A7662200BFD13E /* Info.plist */,
			);
			path = "Contacts-ios";
			sourceTree = "<group>";
		};
		6180967629A7663900BFD13E /* Model */ = {
			isa = PBXGroup;
			children = (
				6180968D29A76DB300BFD13E /* Constants.swift */,
				6172D49B29A7750E0050FB93 /* Contact.swift */,
				6172D49929A774B40050FB93 /* ContactsManager.swift */,
			);
			path = Model;
			sourceTree = "<group>";
		};
		6180967729A7664400BFD13E /* View */ = {
			isa = PBXGroup;
			children = (
				6180968729A7691400BFD13E /* SplashView.swift */,
				6172D4A329A7AE510050FB93 /* ContactCell.swift */,
				6172D4A129A7ACFF0050FB93 /* ContactsListView.swift */,
				6121AA9D29AA3281008F7707 /* FilteringSettingsView.swift */,
				6121AAA129AB64C1008F7707 /* SortingSettingsView.swift */,
			);
			path = View;
			sourceTree = "<group>";
		};
		6180967829A7664900BFD13E /* Controller */ = {
			isa = PBXGroup;
			children = (
				6172D49F29A7ABDE0050FB93 /* NavigationController.swift */,
				6180968F29A76F7200BFD13E /* SplashController.swift */,
				6172D4A729A7B6DC0050FB93 /* ContactsListController.swift */,
				6121AA9F29AA3F20008F7707 /* FilteringSettingsController.swift */,
				6121AAA329AB6A0F008F7707 /* SortingSettingsController.swift */,
			);
			path = Controller;
			sourceTree = "<group>";
		};
		6180967929A7665400BFD13E /* Supporting Files */ = {
			isa = PBXGroup;
			children = (
				6180967D29A7672C00BFD13E /* Fonts */,
				6180967A29A7665F00BFD13E /* Helpers */,
			);
			path = "Supporting Files";
			sourceTree = "<group>";
		};
		6180967A29A7665F00BFD13E /* Helpers */ = {
			isa = PBXGroup;
			children = (
				6180968929A769CE00BFD13E /* UICreator.swift */,
				6180968329A768D600BFD13E /* UIColor+Extensions.swift */,
				6180968429A768D600BFD13E /* UIView+Extensions.swift */,
				6172D4A529A7AF9E0050FB93 /* UIFont+Extensions.swift */,
				6188017D29ACC5E7003644B8 /* UIButton+Extensions.swift */,
			);
			path = Helpers;
			sourceTree = "<group>";
		};
		6180967D29A7672C00BFD13E /* Fonts */ = {
			isa = PBXGroup;
			children = (
				6180968B29A76BEE00BFD13E /* SF-Pro-Italic.ttf */,
				6180968C29A76BEE00BFD13E /* SF-Pro.ttf */,
			);
			path = Fonts;
			sourceTree = "<group>";
		};
		6180968229A7682B00BFD13E /* Presenter */ = {
			isa = PBXGroup;
			children = (
				6172D49D29A79C850050FB93 /* SplashPresenter.swift */,
				6172D4A929A7B7270050FB93 /* ContactsListPresenter.swift */,
			);
			path = Presenter;
			sourceTree = "<group>";
		};
/* End PBXGroup section */

/* Begin PBXNativeTarget section */
		6180965B29A7662000BFD13E /* Contacts-ios */ = {
			isa = PBXNativeTarget;
			buildConfigurationList = 6180967329A7662200BFD13E /* Build configuration list for PBXNativeTarget "Contacts-ios" */;
			buildPhases = (
				6180965829A7662000BFD13E /* Sources */,
				6180965929A7662000BFD13E /* Frameworks */,
				6180965A29A7662000BFD13E /* Resources */,
			);
			buildRules = (
			);
			dependencies = (
			);
			name = "Contacts-ios";
			productName = "Contacts-ios";
			productReference = 6180965C29A7662000BFD13E /* Contacts-ios.app */;
			productType = "com.apple.product-type.application";
		};
/* End PBXNativeTarget section */

/* Begin PBXProject section */
		6180965429A7662000BFD13E /* Project object */ = {
			isa = PBXProject;
			attributes = {
				BuildIndependentTargetsInParallel = 1;
				LastSwiftUpdateCheck = 1420;
				LastUpgradeCheck = 1420;
				TargetAttributes = {
					6180965B29A7662000BFD13E = {
						CreatedOnToolsVersion = 14.2;
					};
				};
			};
			buildConfigurationList = 6180965729A7662000BFD13E /* Build configuration list for PBXProject "Contacts-ios" */;
			compatibilityVersion = "Xcode 14.0";
			developmentRegion = en;
			hasScannedForEncodings = 0;
			knownRegions = (
				en,
				Base,
			);
			mainGroup = 6180965329A7662000BFD13E;
			productRefGroup = 6180965D29A7662000BFD13E /* Products */;
			projectDirPath = "";
			projectRoot = "";
			targets = (
				6180965B29A7662000BFD13E /* Contacts-ios */,
			);
		};
/* End PBXProject section */

/* Begin PBXResourcesBuildPhase section */
		6180965A29A7662000BFD13E /* Resources */ = {
			isa = PBXResourcesBuildPhase;
			buildActionMask = 2147483647;
			files = (
				6180966C29A7662200BFD13E /* Assets.xcassets in Resources */,
				6172D4AB29A8C1180050FB93 /* SF-Pro.ttf in Resources */,
			);
			runOnlyForDeploymentPostprocessing = 0;
		};
/* End PBXResourcesBuildPhase section */

/* Begin PBXSourcesBuildPhase section */
		6180965829A7662000BFD13E /* Sources */ = {
			isa = PBXSourcesBuildPhase;
			buildActionMask = 2147483647;
			files = (
				6172D4A229A7ACFF0050FB93 /* ContactsListView.swift in Sources */,
				6180966029A7662000BFD13E /* AppDelegate.swift in Sources */,
				6172D4A029A7ABDE0050FB93 /* NavigationController.swift in Sources */,
				6121AAA029AA3F20008F7707 /* FilteringSettingsController.swift in Sources */,
				6172D49A29A774B40050FB93 /* ContactsManager.swift in Sources */,
				6172D49C29A7750E0050FB93 /* Contact.swift in Sources */,
				6180968629A768D600BFD13E /* UIView+Extensions.swift in Sources */,
				6121AA9E29AA3281008F7707 /* FilteringSettingsView.swift in Sources */,
				6172D4A829A7B6DC0050FB93 /* ContactsListController.swift in Sources */,
				6188017E29ACC5E8003644B8 /* UIButton+Extensions.swift in Sources */,
				6172D49E29A79C850050FB93 /* SplashPresenter.swift in Sources */,
				6180966229A7662000BFD13E /* SceneDelegate.swift in Sources */,
				6121AAA429AB6A0F008F7707 /* SortingSettingsController.swift in Sources */,
				6180968A29A769CE00BFD13E /* UICreator.swift in Sources */,
				6180968529A768D600BFD13E /* UIColor+Extensions.swift in Sources */,
				6172D4AA29A7B7270050FB93 /* ContactsListPresenter.swift in Sources */,
				6180968829A7691400BFD13E /* SplashView.swift in Sources */,
				6180968E29A76DB300BFD13E /* Constants.swift in Sources */,
				6172D4A429A7AE510050FB93 /* ContactCell.swift in Sources */,
				6172D4A629A7AF9E0050FB93 /* UIFont+Extensions.swift in Sources */,
				6121AAA229AB64C1008F7707 /* SortingSettingsView.swift in Sources */,
				6180969029A76F7200BFD13E /* SplashController.swift in Sources */,
			);
			runOnlyForDeploymentPostprocessing = 0;
		};
/* End PBXSourcesBuildPhase section */

/* Begin XCBuildConfiguration section */
		6180967129A7662200BFD13E /* Debug */ = {
			isa = XCBuildConfiguration;
			buildSettings = {
				ALWAYS_SEARCH_USER_PATHS = NO;
				CLANG_ANALYZER_NONNULL = YES;
				CLANG_ANALYZER_NUMBER_OBJECT_CONVERSION = YES_AGGRESSIVE;
				CLANG_CXX_LANGUAGE_STANDARD = "gnu++20";
				CLANG_ENABLE_MODULES = YES;
				CLANG_ENABLE_OBJC_ARC = YES;
				CLANG_ENABLE_OBJC_WEAK = YES;
				CLANG_WARN_BLOCK_CAPTURE_AUTORELEASING = YES;
				CLANG_WARN_BOOL_CONVERSION = YES;
				CLANG_WARN_COMMA = YES;
				CLANG_WARN_CONSTANT_CONVERSION = YES;
				CLANG_WARN_DEPRECATED_OBJC_IMPLEMENTATIONS = YES;
				CLANG_WARN_DIRECT_OBJC_ISA_USAGE = YES_ERROR;
				CLANG_WARN_DOCUMENTATION_COMMENTS = YES;
				CLANG_WARN_EMPTY_BODY = YES;
				CLANG_WARN_ENUM_CONVERSION = YES;
				CLANG_WARN_INFINITE_RECURSION = YES;
				CLANG_WARN_INT_CONVERSION = YES;
				CLANG_WARN_NON_LITERAL_NULL_CONVERSION = YES;
				CLANG_WARN_OBJC_IMPLICIT_RETAIN_SELF = YES;
				CLANG_WARN_OBJC_LITERAL_CONVERSION = YES;
				CLANG_WARN_OBJC_ROOT_CLASS = YES_ERROR;
				CLANG_WARN_QUOTED_INCLUDE_IN_FRAMEWORK_HEADER = YES;
				CLANG_WARN_RANGE_LOOP_ANALYSIS = YES;
				CLANG_WARN_STRICT_PROTOTYPES = YES;
				CLANG_WARN_SUSPICIOUS_MOVE = YES;
				CLANG_WARN_UNGUARDED_AVAILABILITY = YES_AGGRESSIVE;
				CLANG_WARN_UNREACHABLE_CODE = YES;
				CLANG_WARN__DUPLICATE_METHOD_MATCH = YES;
				COPY_PHASE_STRIP = NO;
				DEBUG_INFORMATION_FORMAT = dwarf;
				ENABLE_STRICT_OBJC_MSGSEND = YES;
				ENABLE_TESTABILITY = YES;
				GCC_C_LANGUAGE_STANDARD = gnu11;
				GCC_DYNAMIC_NO_PIC = NO;
				GCC_NO_COMMON_BLOCKS = YES;
				GCC_OPTIMIZATION_LEVEL = 0;
				GCC_PREPROCESSOR_DEFINITIONS = (
					"DEBUG=1",
					"$(inherited)",
				);
				GCC_WARN_64_TO_32_BIT_CONVERSION = YES;
				GCC_WARN_ABOUT_RETURN_TYPE = YES_ERROR;
				GCC_WARN_UNDECLARED_SELECTOR = YES;
				GCC_WARN_UNINITIALIZED_AUTOS = YES_AGGRESSIVE;
				GCC_WARN_UNUSED_FUNCTION = YES;
				GCC_WARN_UNUSED_VARIABLE = YES;
				IPHONEOS_DEPLOYMENT_TARGET = 16.2;
				MTL_ENABLE_DEBUG_INFO = INCLUDE_SOURCE;
				MTL_FAST_MATH = YES;
				ONLY_ACTIVE_ARCH = YES;
				SDKROOT = iphoneos;
				SWIFT_ACTIVE_COMPILATION_CONDITIONS = DEBUG;
				SWIFT_OPTIMIZATION_LEVEL = "-Onone";
			};
			name = Debug;
		};
		6180967229A7662200BFD13E /* Release */ = {
			isa = XCBuildConfiguration;
			buildSettings = {
				ALWAYS_SEARCH_USER_PATHS = NO;
				CLANG_ANALYZER_NONNULL = YES;
				CLANG_ANALYZER_NUMBER_OBJECT_CONVERSION = YES_AGGRESSIVE;
				CLANG_CXX_LANGUAGE_STANDARD = "gnu++20";
				CLANG_ENABLE_MODULES = YES;
				CLANG_ENABLE_OBJC_ARC = YES;
				CLANG_ENABLE_OBJC_WEAK = YES;
				CLANG_WARN_BLOCK_CAPTURE_AUTORELEASING = YES;
				CLANG_WARN_BOOL_CONVERSION = YES;
				CLANG_WARN_COMMA = YES;
				CLANG_WARN_CONSTANT_CONVERSION = YES;
				CLANG_WARN_DEPRECATED_OBJC_IMPLEMENTATIONS = YES;
				CLANG_WARN_DIRECT_OBJC_ISA_USAGE = YES_ERROR;
				CLANG_WARN_DOCUMENTATION_COMMENTS = YES;
				CLANG_WARN_EMPTY_BODY = YES;
				CLANG_WARN_ENUM_CONVERSION = YES;
				CLANG_WARN_INFINITE_RECURSION = YES;
				CLANG_WARN_INT_CONVERSION = YES;
				CLANG_WARN_NON_LITERAL_NULL_CONVERSION = YES;
				CLANG_WARN_OBJC_IMPLICIT_RETAIN_SELF = YES;
				CLANG_WARN_OBJC_LITERAL_CONVERSION = YES;
				CLANG_WARN_OBJC_ROOT_CLASS = YES_ERROR;
				CLANG_WARN_QUOTED_INCLUDE_IN_FRAMEWORK_HEADER = YES;
				CLANG_WARN_RANGE_LOOP_ANALYSIS = YES;
				CLANG_WARN_STRICT_PROTOTYPES = YES;
				CLANG_WARN_SUSPICIOUS_MOVE = YES;
				CLANG_WARN_UNGUARDED_AVAILABILITY = YES_AGGRESSIVE;
				CLANG_WARN_UNREACHABLE_CODE = YES;
				CLANG_WARN__DUPLICATE_METHOD_MATCH = YES;
				COPY_PHASE_STRIP = NO;
				DEBUG_INFORMATION_FORMAT = "dwarf-with-dsym";
				ENABLE_NS_ASSERTIONS = NO;
				ENABLE_STRICT_OBJC_MSGSEND = YES;
				GCC_C_LANGUAGE_STANDARD = gnu11;
				GCC_NO_COMMON_BLOCKS = YES;
				GCC_WARN_64_TO_32_BIT_CONVERSION = YES;
				GCC_WARN_ABOUT_RETURN_TYPE = YES_ERROR;
				GCC_WARN_UNDECLARED_SELECTOR = YES;
				GCC_WARN_UNINITIALIZED_AUTOS = YES_AGGRESSIVE;
				GCC_WARN_UNUSED_FUNCTION = YES;
				GCC_WARN_UNUSED_VARIABLE = YES;
				IPHONEOS_DEPLOYMENT_TARGET = 16.2;
				MTL_ENABLE_DEBUG_INFO = NO;
				MTL_FAST_MATH = YES;
				SDKROOT = iphoneos;
				SWIFT_COMPILATION_MODE = wholemodule;
				SWIFT_OPTIMIZATION_LEVEL = "-O";
				VALIDATE_PRODUCT = YES;
			};
			name = Release;
		};
		6180967429A7662200BFD13E /* Debug */ = {
			isa = XCBuildConfiguration;
			buildSettings = {
				ASSETCATALOG_COMPILER_APPICON_NAME = AppIcon;
				ASSETCATALOG_COMPILER_GLOBAL_ACCENT_COLOR_NAME = AccentColor;
				CODE_SIGN_STYLE = Automatic;
				CURRENT_PROJECT_VERSION = 1;
				DEVELOPMENT_TEAM = 7WTLW784B9;
				GENERATE_INFOPLIST_FILE = YES;
				INFOPLIST_FILE = "Contacts-ios/Info.plist";
				INFOPLIST_KEY_UIApplicationSupportsIndirectInputEvents = YES;
				INFOPLIST_KEY_UILaunchStoryboardName = LaunchScreen;
				INFOPLIST_KEY_UISupportedInterfaceOrientations = UIInterfaceOrientationPortrait;
				INFOPLIST_KEY_UISupportedInterfaceOrientations_iPad = "UIInterfaceOrientationLandscapeLeft UIInterfaceOrientationLandscapeRight UIInterfaceOrientationPortrait UIInterfaceOrientationPortraitUpsideDown";
				IPHONEOS_DEPLOYMENT_TARGET = 13.0;
				LD_RUNPATH_SEARCH_PATHS = (
					"$(inherited)",
					"@executable_path/Frameworks",
				);
				MARKETING_VERSION = 1.0;
				PRODUCT_BUNDLE_IDENTIFIER = "com.IlyaValito.Contacts-ios";
				PRODUCT_NAME = "$(TARGET_NAME)";
				SUPPORTED_PLATFORMS = "iphoneos iphonesimulator";
				SUPPORTS_MACCATALYST = NO;
				SUPPORTS_MAC_DESIGNED_FOR_IPHONE_IPAD = NO;
				SWIFT_EMIT_LOC_STRINGS = YES;
				SWIFT_VERSION = 5.0;
				TARGETED_DEVICE_FAMILY = 1;
			};
			name = Debug;
		};
		6180967529A7662200BFD13E /* Release */ = {
			isa = XCBuildConfiguration;
			buildSettings = {
				ASSETCATALOG_COMPILER_APPICON_NAME = AppIcon;
				ASSETCATALOG_COMPILER_GLOBAL_ACCENT_COLOR_NAME = AccentColor;
				CODE_SIGN_STYLE = Automatic;
				CURRENT_PROJECT_VERSION = 1;
				DEVELOPMENT_TEAM = 7WTLW784B9;
				GENERATE_INFOPLIST_FILE = YES;
				INFOPLIST_FILE = "Contacts-ios/Info.plist";
				INFOPLIST_KEY_UIApplicationSupportsIndirectInputEvents = YES;
				INFOPLIST_KEY_UILaunchStoryboardName = LaunchScreen;
				INFOPLIST_KEY_UISupportedInterfaceOrientations = UIInterfaceOrientationPortrait;
				INFOPLIST_KEY_UISupportedInterfaceOrientations_iPad = "UIInterfaceOrientationLandscapeLeft UIInterfaceOrientationLandscapeRight UIInterfaceOrientationPortrait UIInterfaceOrientationPortraitUpsideDown";
				IPHONEOS_DEPLOYMENT_TARGET = 13.0;
				LD_RUNPATH_SEARCH_PATHS = (
					"$(inherited)",
					"@executable_path/Frameworks",
				);
				MARKETING_VERSION = 1.0;
				PRODUCT_BUNDLE_IDENTIFIER = "com.IlyaValito.Contacts-ios";
				PRODUCT_NAME = "$(TARGET_NAME)";
				SUPPORTED_PLATFORMS = "iphoneos iphonesimulator";
				SUPPORTS_MACCATALYST = NO;
				SUPPORTS_MAC_DESIGNED_FOR_IPHONE_IPAD = NO;
				SWIFT_EMIT_LOC_STRINGS = YES;
				SWIFT_VERSION = 5.0;
				TARGETED_DEVICE_FAMILY = 1;
			};
			name = Release;
		};
/* End XCBuildConfiguration section */

/* Begin XCConfigurationList section */
		6180965729A7662000BFD13E /* Build configuration list for PBXProject "Contacts-ios" */ = {
			isa = XCConfigurationList;
			buildConfigurations = (
				6180967129A7662200BFD13E /* Debug */,
				6180967229A7662200BFD13E /* Release */,
			);
			defaultConfigurationIsVisible = 0;
			defaultConfigurationName = Release;
		};
		6180967329A7662200BFD13E /* Build configuration list for PBXNativeTarget "Contacts-ios" */ = {
			isa = XCConfigurationList;
			buildConfigurations = (
				6180967429A7662200BFD13E /* Debug */,
				6180967529A7662200BFD13E /* Release */,
			);
			defaultConfigurationIsVisible = 0;
			defaultConfigurationName = Release;
		};
/* End XCConfigurationList section */
	};
	rootObject = 6180965429A7662000BFD13E /* Project object */;
}
